# This file is automatically @generated by Cargo.
# It is not intended for manual editing.
version = 4

[[package]]
name = "inttest"
version = "0.1.0"
dependencies = [
 "libc",
 "memmap2",
]

[[package]]
name = "libc"
version = "0.2.172"
source = "registry+https://github.com/rust-lang/crates.io-index"
checksum = "d750af042f7ef4f724306de029d18836c26c1765a54a6a3f094cbd23a7267ffa"

[[package]]
name = "memmap2"
version = "0.9.5"
source = "registry+https://github.com/rust-lang/crates.io-index"
checksum = "fd3f7eed9d3848f8b98834af67102b720745c4ec028fcd0aa0239277e7de374f"
dependencies = [
 "libc",
]
