# This file is automatically @generated by Cargo.
# It is not intended for manual editing.
[[package]]
name = "maestro"
version = "0.1.0"
dependencies = [
 "mem_alloc",
 "util",
]

[[package]]
name = "mem_alloc"
version = "0.1.0"
dependencies = [
 "util",
]

[[package]]
name = "util"
version = "0.1.0"
